<?xml version="1.0" encoding="utf-8"?>
<Project ToolsVersion="4.0" xmlns="http://schemas.microsoft.com/developer/msbuild/2003">
  <ItemGroup>
    <Filter Include="main">
      <UniqueIdentifier>{008a261d-3ec6-49d3-a42b-499d45ca3564}</UniqueIdentifier>
    </Filter>
  </ItemGroup>
  <ItemGroup>
    <ClCompile Include="main.cpp">
      <Filter>main</Filter>
    </ClCompile>
  </ItemGroup>
</Project>